
Microsoft Visual Studio Solution File, Format Version 12.00
# Visual Studio Version 17
VisualStudioVersion = 17.14.36705.20 d17.14
MinimumVisualStudioVersion = 10.0.40219.1
Project("{8BC9CEB8-8B4A-11D0-8D11-00A0C91BC942}") = "cuda_world", "cuda_world\cuda_world.vcxproj", "{B06B8A4B-84D8-7328-CA3D-D67CE6A60A8C}"
EndProject
Global
	GlobalSection(SolutionConfigurationPlatforms) = preSolution
		Debug|x64 = Debug|x64
		Release|x64 = Release|x64
	EndGlobalSection
	GlobalSection(ProjectConfigurationPlatforms) = postSolution
		{B06B8A4B-84D8-7328-CA3D-D67CE6A60A8C}.Debug|x64.ActiveCfg = Debug|x64
		{B06B8A4B-84D8-7328-CA3D-D67CE6A60A8C}.Debug|x64.Build.0 = Debug|x64
		{B06B8A4B-84D8-7328-CA3D-D67CE6A60A8C}.Release|x64.ActiveCfg = Release|x64
		{B06B8A4B-84D8-7328-CA3D-D67CE6A60A8C}.Release|x64.Build.0 = Release|x64
	EndGlobalSection
	GlobalSection(SolutionProperties) = preSolution
		HideSolutionNode = FALSE
	EndGlobalSection
	GlobalSection(ExtensibilityGlobals) = postSolution
		SolutionGuid = {EBC2E1FE-47D4-488D-871D-AB8035B393D9}
	EndGlobalSection
EndGlobal
